
Microsoft Visual Studio Solution File, Format Version 12.00
# Visual Studio Version 17
VisualStudioVersion = 17.14.36429.23 d17.14
MinimumVisualStudioVersion = 10.0.40219.1
Project("{FAE04EC0-301F-11D3-BF4B-00C04F79EFBC}") = "ProducerService", "ProducerService.csproj", "{1BF80D1C-043A-4672-B2CA-987606DCF640}"
EndProject
Global
	GlobalSection(SolutionConfigurationPlatforms) = preSolution
		Debug|Any CPU = Debug|Any CPU
		Release|Any CPU = Release|Any CPU
	EndGlobalSection
	GlobalSection(ProjectConfigurationPlatforms) = postSolution
		{1BF80D1C-043A-4672-B2CA-987606DCF640}.Debug|Any CPU.ActiveCfg = Debug|Any CPU
		{1BF80D1C-043A-4672-B2CA-987606DCF640}.Debug|Any CPU.Build.0 = Debug|Any CPU
		{1BF80D1C-043A-4672-B2CA-987606DCF640}.Release|Any CPU.ActiveCfg = Release|Any CPU
		{1BF80D1C-043A-4672-B2CA-987606DCF640}.Release|Any CPU.Build.0 = Release|Any CPU
	EndGlobalSection
	GlobalSection(SolutionProperties) = preSolution
		HideSolutionNode = FALSE
	EndGlobalSection
	GlobalSection(ExtensibilityGlobals) = postSolution
		SolutionGuid = {12ADA0F2-3B4B-4BC0-9E25-212BD67ED270}
	EndGlobalSection
EndGlobal
